# THIS IS AN AUTOGENERATED FILE. DO NOT EDIT THIS FILE DIRECTLY.
# yarn lockfile v1


bootstrap4-datetimepicker@^5.2.3:
  version "5.2.3"
  resolved "https://registry.yarnpkg.com/bootstrap4-datetimepicker/-/bootstrap4-datetimepicker-5.2.3.tgz#e7e42839db0531deaa6b53fd63cbd4269e80e09a"
  integrity sha1-5+QoOdsFMd6qa1P9Y8vUJp6A4Jo=
  dependencies:
    bootstrap "4.0.0-alpha.6"
    jquery "^1.8.3 || ^2.0 || ^3.0"
    moment "^2.10"
    moment-timezone "^0.4.0"

bootstrap@4.0.0-alpha.6:
  version "4.0.0-alpha.6"
  resolved "https://registry.yarnpkg.com/bootstrap/-/bootstrap-4.0.0-alpha.6.tgz#4f54dd33ac0deac3b28407bc2df7ec608869c9c8"
  integrity sha1-T1TdM6wN6sOyhAe8LffsYIhpycg=
  dependencies:
    jquery ">=1.9.1"
    tether "^1.4.0"

datatables.net-plugins@^1.10.20:
  version "1.10.20"
  resolved "https://registry.yarnpkg.com/datatables.net-plugins/-/datatables.net-plugins-1.10.20.tgz#c89f6bed3fa7e6605cbeaa35d60f223659e84c8c"
  integrity sha512-rnhNmRHe9UEzvM7gtjBay1QodkWUmxLUhHNbmJMYhhUggjtm+BRSlE0PRilkeUkwckpNWzq+0fPd7/i0fpQgzA==

es6-object-assign@^1.1.0:
  version "1.1.0"
  resolved "https://registry.yarnpkg.com/es6-object-assign/-/es6-object-assign-1.1.0.tgz#c2c3582656247c39ea107cb1e6652b6f9f24523c"
  integrity sha1-wsNYJlYkfDnqEHyx5mUrb58kUjw=

gasparesganga-jquery-loading-overlay@^2.1.7:
  version "2.1.7"
  resolved "https://registry.yarnpkg.com/gasparesganga-jquery-loading-overlay/-/gasparesganga-jquery-loading-overlay-2.1.7.tgz#d6935b6fe22f6c3074dfce194d794ff0d2e8c02b"
  integrity sha512-QItSCC330EPsUwdvzDO50SwQksmaMSf+loDYHiEpyc1tptXkeGXtFp36igNsT1cPTXRXlYxCW8wtK63K88SIdA==
  dependencies:
    jquery ">=1.7.0"

inputmask@^5.0.5:
  version "5.0.5"
  resolved "https://registry.yarnpkg.com/inputmask/-/inputmask-5.0.5.tgz#93af99c35fc108d590e9bbd3ec6cc9b9a2e7c2ed"
  integrity sha512-9gqau4tb0oaxYiymLC43KU/aAXHVofya7ilGIxqKONbSh7LNKRHmpw6mhuH2D4yykRlcNhS9zI/FOsrAQmltQA==

jquery-validation@^1.19.2:
  version "1.19.2"
  resolved "https://registry.yarnpkg.com/jquery-validation/-/jquery-validation-1.19.2.tgz#c602831b0d8c5881400af424e872757ce241eff9"
  integrity sha512-yHaAqOGaAB7+p2u5lpzhhQVt3CBMUw3fHcuCJ7nXmXz0LWLHPN7yOhwnocp5nrn2SmnXR1jpV+whx2j1kLz1tQ==

jquery.scrollto@^2.1.2:
  version "2.1.2"
  resolved "https://registry.yarnpkg.com/jquery.scrollto/-/jquery.scrollto-2.1.2.tgz#e7580d9c7ac46ef5bb25319483f6f45713fd7c6c"
  integrity sha1-51gNnHrEbvW7JTGUg/b0VxP9fGw=
  dependencies:
    jquery ">=1.8"

jquery@>=1.7.0, jquery@>=1.8, jquery@>=1.9.1, "jquery@^1.8.3 || ^2.0 || ^3.0":
  version "3.5.1"
  resolved "https://registry.yarnpkg.com/jquery/-/jquery-3.5.1.tgz#d7b4d08e1bfdb86ad2f1a3d039ea17304717abb5"
  integrity sha512-XwIBPqcMn57FxfT+Go5pzySnm4KWkT1Tv7gjrpT1srtf8Weynl6R273VJ5GjkRb51IzMp5nbaPjJXMWeju2MKg==

kinetic@^5.2.0:
  version "5.2.0"
  resolved "https://registry.yarnpkg.com/kinetic/-/kinetic-5.2.0.tgz#83c4c5eb5644f24e26e9b4b3858431970a30b75f"
  integrity sha1-g8TF61ZE8k4m6bSzhYQxlwowt18=

moment-timezone@^0.4.0:
  version "0.4.1"
  resolved "https://registry.yarnpkg.com/moment-timezone/-/moment-timezone-0.4.1.tgz#81f598c3ad5e22cdad796b67ecd8d88d0f5baa06"
  integrity sha1-gfWYw61eIs2teWtn7NjYjQ9bqgY=
  dependencies:
    moment ">= 2.6.0"

"moment@>= 2.6.0", moment@^2.10, moment@^2.29.0:
  version "2.29.0"
  resolved "https://registry.yarnpkg.com/moment/-/moment-2.29.0.tgz#fcbef955844d91deb55438613ddcec56e86a3425"
  integrity sha512-z6IJ5HXYiuxvFTI6eiQ9dm77uE0gyy1yXNApVHqTcnIKfY9tIwEjlzsZ6u1LQXvVgKeTnv9Xm7NDvJ7lso3MtA==

promise-polyfill@^6.0.2:
  version "6.1.0"
  resolved "https://registry.yarnpkg.com/promise-polyfill/-/promise-polyfill-6.1.0.tgz#dfa96943ea9c121fca4de9b5868cb39d3472e057"
  integrity sha1-36lpQ+qcEh/KTem1hoyznTRy4Fc=

summernote@^0.8.18:
  version "0.8.18"
  resolved "https://registry.yarnpkg.com/summernote/-/summernote-0.8.18.tgz#be5c368b1c92de8a05039a9976157bdea7aae386"
  integrity sha512-VlwBaNm9vSYMYXvO2f3UCUmY0Gm8jxLcBn+D08aX3pKs4x2vAoyQ4DcDQ6D+PchQiLrf86AGQVfVu56F4aP3ug==

sweetalert2@^10.3.1:
  version "10.3.1"
  resolved "https://registry.yarnpkg.com/sweetalert2/-/sweetalert2-10.3.1.tgz#a2c051ab3a3b603273e69c613c58ed42cc35780f"
  integrity sha512-4pUSfX3+Lu4rxWwxc+otgTyhXn3G/ZWk1USKZM94ZC1cV4zg9fLvHLpEeoToZnsWifUIsdvhDt94Kv8NB8ySMA==

sweetalert@^2.1.2:
  version "2.1.2"
  resolved "https://registry.yarnpkg.com/sweetalert/-/sweetalert-2.1.2.tgz#010baaa80d0dbdc86f96bfcaa96b490728594b79"
  integrity sha512-iWx7X4anRBNDa/a+AdTmvAzQtkN1+s4j/JJRWlHpYE8Qimkohs8/XnFcWeYHH2lMA8LRCa5tj2d244If3S/hzA==
  dependencies:
    es6-object-assign "^1.1.0"
    promise-polyfill "^6.0.2"

tether@^1.4.0:
  version "1.4.7"
  resolved "https://registry.yarnpkg.com/tether/-/tether-1.4.7.tgz#d56a818590d8fe72e387f77a67f93ab96d8e1fb2"
  integrity sha512-Z0J1aExjoFU8pybVkQAo/vD2wfSO63r+XOPfWQMC5qtf1bI7IWqNk4MiyBcgvvnY8kqnY06dVdvwTK2S3PU/Fw==
